
Microsoft Visual Studio Solution File, Format Version 12.00
# Visual Studio Version 16
VisualStudioVersion = 16.0.30517.126
MinimumVisualStudioVersion = 10.0.40219.1
Project("{FAE04EC0-301F-11D3-BF4B-00C04F79EFBC}") = "PansiyonUygulamasi", "PansiyonUygulamasi\PansiyonUygulamasi.csproj", "{765DBE53-345E-48EA-A533-731DCA98174C}"
EndProject
Global
	GlobalSection(SolutionConfigurationPlatforms) = preSolution
		Debug|Any CPU = Debug|Any CPU
		Release|Any CPU = Release|Any CPU
	EndGlobalSection
	GlobalSection(ProjectConfigurationPlatforms) = postSolution
		{765DBE53-345E-48EA-A533-731DCA98174C}.Debug|Any CPU.ActiveCfg = Debug|Any CPU
		{765DBE53-345E-48EA-A533-731DCA98174C}.Debug|Any CPU.Build.0 = Debug|Any CPU
		{765DBE53-345E-48EA-A533-731DCA98174C}.Release|Any CPU.ActiveCfg = Release|Any CPU
		{765DBE53-345E-48EA-A533-731DCA98174C}.Release|Any CPU.Build.0 = Release|Any CPU
	EndGlobalSection
	GlobalSection(SolutionProperties) = preSolution
		HideSolutionNode = FALSE
	EndGlobalSection
	GlobalSection(ExtensibilityGlobals) = postSolution
		SolutionGuid = {B40209F0-DF7F-4B25-A166-979AB1B373EC}
	EndGlobalSection
EndGlobal
